
Microsoft Visual Studio Solution File, Format Version 12.00
# Visual Studio Version 16
VisualStudioVersion = 16.0.31112.23
MinimumVisualStudioVersion = 10.0.40219.1
Project("{FAE04EC0-301F-11D3-BF4B-00C04F79EFBC}") = "BlazorAntDemo", "BlazorAntDemo.csproj", "{1DA764AD-0FE2-4685-9905-E1D5D0EEB49A}"
EndProject
Global
	GlobalSection(SolutionConfigurationPlatforms) = preSolution
		Debug|Any CPU = Debug|Any CPU
		Release|Any CPU = Release|Any CPU
	EndGlobalSection
	GlobalSection(ProjectConfigurationPlatforms) = postSolution
		{1DA764AD-0FE2-4685-9905-E1D5D0EEB49A}.Debug|Any CPU.ActiveCfg = Debug|Any CPU
		{1DA764AD-0FE2-4685-9905-E1D5D0EEB49A}.Debug|Any CPU.Build.0 = Debug|Any CPU
		{1DA764AD-0FE2-4685-9905-E1D5D0EEB49A}.Release|Any CPU.ActiveCfg = Release|Any CPU
		{1DA764AD-0FE2-4685-9905-E1D5D0EEB49A}.Release|Any CPU.Build.0 = Release|Any CPU
	EndGlobalSection
	GlobalSection(SolutionProperties) = preSolution
		HideSolutionNode = FALSE
	EndGlobalSection
	GlobalSection(ExtensibilityGlobals) = postSolution
		SolutionGuid = {F5200C01-2F5E-4283-9518-3D6111617D06}
	EndGlobalSection
EndGlobal
